
Microsoft Visual Studio Solution File, Format Version 12.00
# Visual Studio 15
Project("{FAE04EC0-301F-11D3-BF4B-00C04F79EFBC}") = "Unity.Postprocessing.Runtime", "Unity.Postprocessing.Runtime.csproj", "{49FCAFB7-7D0A-B3F6-2171-B4248A94EC21}"
EndProject
Project("{FAE04EC0-301F-11D3-BF4B-00C04F79EFBC}") = "pr", "pr.csproj", "{939E13EA-48AA-2409-F126-B323E678E7B0}"
EndProject
Project("{FAE04EC0-301F-11D3-BF4B-00C04F79EFBC}") = "pr.Plugins", "pr.Plugins.csproj", "{97F7FAD4-E384-47CA-3A2E-8DCF0FE09D60}"
EndProject
Project("{FAE04EC0-301F-11D3-BF4B-00C04F79EFBC}") = "pr.Editor.Plugins", "pr.Editor.Plugins.csproj", "{675FC897-7C03-EADC-4149-B0CCF9607226}"
EndProject
Project("{FAE04EC0-301F-11D3-BF4B-00C04F79EFBC}") = "pr.Editor", "pr.Editor.csproj", "{3EF42DA3-B49A-979C-260A-F6B04AF3BDA7}"
EndProject
Project("{FAE04EC0-301F-11D3-BF4B-00C04F79EFBC}") = "Unity.Postprocessing.Editor", "Unity.Postprocessing.Editor.csproj", "{CBEC4DCB-1B2B-E03B-0387-393C59967E8B}"
EndProject
Global
	GlobalSection(SolutionConfigurationPlatforms) = preSolution
		Debug|Any CPU = Debug|Any CPU
		Release|Any CPU = Release|Any CPU
	EndGlobalSection
	GlobalSection(ProjectConfigurationPlatforms) = postSolution
		{49FCAFB7-7D0A-B3F6-2171-B4248A94EC21}.Debug|Any CPU.ActiveCfg = Debug|Any CPU
		{49FCAFB7-7D0A-B3F6-2171-B4248A94EC21}.Debug|Any CPU.Build.0 = Debug|Any CPU
		{49FCAFB7-7D0A-B3F6-2171-B4248A94EC21}.Release|Any CPU.ActiveCfg = Release|Any CPU
		{49FCAFB7-7D0A-B3F6-2171-B4248A94EC21}.Release|Any CPU.Build.0 = Release|Any CPU
		{939E13EA-48AA-2409-F126-B323E678E7B0}.Debug|Any CPU.ActiveCfg = Debug|Any CPU
		{939E13EA-48AA-2409-F126-B323E678E7B0}.Debug|Any CPU.Build.0 = Debug|Any CPU
		{939E13EA-48AA-2409-F126-B323E678E7B0}.Release|Any CPU.ActiveCfg = Release|Any CPU
		{939E13EA-48AA-2409-F126-B323E678E7B0}.Release|Any CPU.Build.0 = Release|Any CPU
		{97F7FAD4-E384-47CA-3A2E-8DCF0FE09D60}.Debug|Any CPU.ActiveCfg = Debug|Any CPU
		{97F7FAD4-E384-47CA-3A2E-8DCF0FE09D60}.Debug|Any CPU.Build.0 = Debug|Any CPU
		{97F7FAD4-E384-47CA-3A2E-8DCF0FE09D60}.Release|Any CPU.ActiveCfg = Release|Any CPU
		{97F7FAD4-E384-47CA-3A2E-8DCF0FE09D60}.Release|Any CPU.Build.0 = Release|Any CPU
		{675FC897-7C03-EADC-4149-B0CCF9607226}.Debug|Any CPU.ActiveCfg = Debug|Any CPU
		{675FC897-7C03-EADC-4149-B0CCF9607226}.Debug|Any CPU.Build.0 = Debug|Any CPU
		{675FC897-7C03-EADC-4149-B0CCF9607226}.Release|Any CPU.ActiveCfg = Release|Any CPU
		{675FC897-7C03-EADC-4149-B0CCF9607226}.Release|Any CPU.Build.0 = Release|Any CPU
		{3EF42DA3-B49A-979C-260A-F6B04AF3BDA7}.Debug|Any CPU.ActiveCfg = Debug|Any CPU
		{3EF42DA3-B49A-979C-260A-F6B04AF3BDA7}.Debug|Any CPU.Build.0 = Debug|Any CPU
		{3EF42DA3-B49A-979C-260A-F6B04AF3BDA7}.Release|Any CPU.ActiveCfg = Release|Any CPU
		{3EF42DA3-B49A-979C-260A-F6B04AF3BDA7}.Release|Any CPU.Build.0 = Release|Any CPU
		{CBEC4DCB-1B2B-E03B-0387-393C59967E8B}.Debug|Any CPU.ActiveCfg = Debug|Any CPU
		{CBEC4DCB-1B2B-E03B-0387-393C59967E8B}.Debug|Any CPU.Build.0 = Debug|Any CPU
		{CBEC4DCB-1B2B-E03B-0387-393C59967E8B}.Release|Any CPU.ActiveCfg = Release|Any CPU
		{CBEC4DCB-1B2B-E03B-0387-393C59967E8B}.Release|Any CPU.Build.0 = Release|Any CPU
	EndGlobalSection
	GlobalSection(SolutionProperties) = preSolution
		HideSolutionNode = FALSE
	EndGlobalSection
EndGlobal
